<?xml version="1.0" encoding="UTF-8" standalone="yes" ?>
<CodeBlocks_project_file>
	<FileVersion major="1" minor="6" />
	<Project>
		<Option title="libxkbswitchwin" />
		<Option pch_mode="2" />
		<Option compiler="gcc" />
		<Build>
			<Target title="Debug">
				<Option output="bin/Debug/libxkbswitchwin" prefix_auto="1" extension_auto="1" />
				<Option object_output="obj/Debug/" />
				<Option type="3" />
				<Option compiler="gcc" />
				<Option createDefFile="1" />
				<Option createStaticLib="1" />
				<Compiler>
					<Add option="-Wall" />
					<Add option="-DBUILD_DLL" />
					<Add option="-g" />
				</Compiler>
				<Linker>
					<Add library="user32" />
				</Linker>
			</Target>
			<Target title="Release32">
				<Option output="bin/libxkbswitch32" prefix_auto="1" extension_auto="1" />
				<Option object_output="obj/win32/" />
				<Option type="3" />
				<Option compiler="gcc" />
				<Option createDefFile="1" />
				<Option createStaticLib="1" />
				<Compiler>
					<Add option="-O2" />
					<Add option="-Wall" />
					<Add option="-DBUILD_DLL" />
				</Compiler>
				<Linker>
					<Add option="-s" />
					<Add option="-entry=_DllMain@12" />
					<Add option="-nostartfiles" />
					<Add option="-nostdlib" />
					<Add option="-nodefaultlibs" />
					<Add option="-lgcc" />
					<Add library="user32" />
					<Add library="kernel32" />
				</Linker>
			</Target>
			<Target title="Release64">
				<Option output="bin/libxkbswitch64" prefix_auto="1" extension_auto="1" />
				<Option object_output="obj/win64/" />
				<Option type="3" />
				<Option compiler="x64_gnu_gcc_compiler" />
				<Option createDefFile="1" />
				<Option createStaticLib="1" />
				<Compiler>
					<Add option="-O2" />
					<Add option="-Wall" />
					<Add option="-DBUILD_DLL" />
				</Compiler>
				<Linker>
					<Add option="-s" />
					<Add option="-entry=DllMain" />
					<Add option="-nostartfiles" />
					<Add option="-nostdlib" />
					<Add option="-nodefaultlibs" />
					<Add option="-lgcc" />
					<Add library="user32" />
					<Add library="kernel32" />
				</Linker>
			</Target>
		</Build>
		<Unit filename="libxkbswitchwin.c">
			<Option compilerVar="CC" />
		</Unit>
		<Extensions>
			<code_completion />
			<envvars />
			<debugger />
			<lib_finder disable_auto="1" />
		</Extensions>
	</Project>
</CodeBlocks_project_file>
